// !$*UTF8*$!
{
	archiveVersion = 1;
	classes = {
	};
	objectVersion = 46;
	objects = {

/* Begin PBXBuildFile section */
		AB449A151A6D15010016348D /* main.m in Sources */ = {isa = PBXBuildFile; fileRef = AB449A141A6D15010016348D /* main.m */; };
		AB449A181A6D15010016348D /* AppDelegate.m in Sources */ = {isa = PBXBuildFile; fileRef = AB449A171A6D15010016348D /* AppDelegate.m */; };
		AB449A1E1A6D15010016348D /* Main.storyboard in Resources */ = {isa = PBXBuildFile; fileRef = AB449A1C1A6D15010016348D /* Main.storyboard */; };
		AB449A201A6D15010016348D /* Images.xcassets in Resources */ = {isa = PBXBuildFile; fileRef = AB449A1F1A6D15010016348D /* Images.xcassets */; };
		AB449A231A6D15010016348D /* LaunchScreen.xib in Resources */ = {isa = PBXBuildFile; fileRef = AB449A211A6D15010016348D /* LaunchScreen.xib */; };
		AB449A2F1A6D15010016348D /* UITableViewControllerChallengeSolutionTests.m in Sources */ = {isa = PBXBuildFile; fileRef = AB449A2E1A6D15010016348D /* UITableViewControllerChallengeSolutionTests.m */; };
		AB449A3A1A6D18E60016348D /* UITableViewControllerChallengeSpace.m in Sources */ = {isa = PBXBuildFile; fileRef = AB449A391A6D18E60016348D /* UITableViewControllerChallengeSpace.m */; };
/* End PBXBuildFile section */

/* Begin PBXContainerItemProxy section */
		AB449A291A6D15010016348D /* PBXContainerItemProxy */ = {
			isa = PBXContainerItemProxy;
			containerPortal = AB449A071A6D15010016348D /* Project object */;
			proxyType = 1;
			remoteGlobalIDString = AB449A0E1A6D15010016348D;
			remoteInfo = UITableViewControllerChallengeSolution;
		};
/* End PBXContainerItemProxy section */

/* Begin PBXFileReference section */
		AB449A0F1A6D15010016348D /* UITableViewControllerChallengeSolution.app */ = {isa = PBXFileReference; explicitFileType = wrapper.application; includeInIndex = 0; path = UITableViewControllerChallengeSolution.app; sourceTree = BUILT_PRODUCTS_DIR; };
		AB449A131A6D15010016348D /* Info.plist */ = {isa = PBXFileReference; lastKnownFileType = text.plist.xml; path = Info.plist; sourceTree = "<group>"; };
		AB449A141A6D15010016348D /* main.m */ = {isa = PBXFileReference; lastKnownFileType = sourcecode.c.objc; path = main.m; sourceTree = "<group>"; };
		AB449A161A6D15010016348D /* AppDelegate.h */ = {isa = PBXFileReference; lastKnownFileType = sourcecode.c.h; path = AppDelegate.h; sourceTree = "<group>"; };
		AB449A171A6D15010016348D /* AppDelegate.m */ = {isa = PBXFileReference; lastKnownFileType = sourcecode.c.objc; path = AppDelegate.m; sourceTree = "<group>"; };
		AB449A1D1A6D15010016348D /* Base */ = {isa = PBXFileReference; lastKnownFileType = file.storyboard; name = Base; path = Base.lproj/Main.storyboard; sourceTree = "<group>"; };
		AB449A1F1A6D15010016348D /* Images.xcassets */ = {isa = PBXFileReference; lastKnownFileType = folder.assetcatalog; path = Images.xcassets; sourceTree = "<group>"; };
		AB449A221A6D15010016348D /* Base */ = {isa = PBXFileReference; lastKnownFileType = file.xib; name = Base; path = Base.lproj/LaunchScreen.xib; sourceTree = "<group>"; };
		AB449A281A6D15010016348D /* UITableViewControllerChallengeSolutionTests.xctest */ = {isa = PBXFileReference; explicitFileType = wrapper.cfbundle; includeInIndex = 0; path = UITableViewControllerChallengeSolutionTests.xctest; sourceTree = BUILT_PRODUCTS_DIR; };
		AB449A2D1A6D15010016348D /* Info.plist */ = {isa = PBXFileReference; lastKnownFileType = text.plist.xml; path = Info.plist; sourceTree = "<group>"; };
		AB449A2E1A6D15010016348D /* UITableViewControllerChallengeSolutionTests.m */ = {isa = PBXFileReference; lastKnownFileType = sourcecode.c.objc; path = UITableViewControllerChallengeSolutionTests.m; sourceTree = "<group>"; };
		AB449A381A6D18E60016348D /* UITableViewControllerChallengeSpace.h */ = {isa = PBXFileReference; fileEncoding = 4; lastKnownFileType = sourcecode.c.h; path = UITableViewControllerChallengeSpace.h; sourceTree = "<group>"; };
		AB449A391A6D18E60016348D /* UITableViewControllerChallengeSpace.m */ = {isa = PBXFileReference; fileEncoding = 4; lastKnownFileType = sourcecode.c.objc; path = UITableViewControllerChallengeSpace.m; sourceTree = "<group>"; };
/* End PBXFileReference section */

/* Begin PBXFrameworksBuildPhase section */
		AB449A0C1A6D15010016348D /* Frameworks */ = {
			isa = PBXFrameworksBuildPhase;
			buildActionMask = 2147483647;
			files = (
			);
			runOnlyForDeploymentPostprocessing = 0;
		};
		AB449A251A6D15010016348D /* Frameworks */ = {
			isa = PBXFrameworksBuildPhase;
			buildActionMask = 2147483647;
			files = (
			);
			runOnlyForDeploymentPostprocessing = 0;
		};
/* End PBXFrameworksBuildPhase section */

/* Begin PBXGroup section */
		AB449A061A6D15010016348D = {
			isa = PBXGroup;
			children = (
				AB449A111A6D15010016348D /* UITableViewControllerChallengeSolution */,
				AB449A2B1A6D15010016348D /* UITableViewControllerChallengeSolutionTests */,
				AB449A101A6D15010016348D /* Products */,
			);
			sourceTree = "<group>";
		};
		AB449A101A6D15010016348D /* Products */ = {
			isa = PBXGroup;
			children = (
				AB449A0F1A6D15010016348D /* UITableViewControllerChallengeSolution.app */,
				AB449A281A6D15010016348D /* UITableViewControllerChallengeSolutionTests.xctest */,
			);
			name = Products;
			sourceTree = "<group>";
		};
		AB449A111A6D15010016348D /* UITableViewControllerChallengeSolution */ = {
			isa = PBXGroup;
			children = (
				AB449A161A6D15010016348D /* AppDelegate.h */,
				AB449A171A6D15010016348D /* AppDelegate.m */,
				AB449A1C1A6D15010016348D /* Main.storyboard */,
				AB449A381A6D18E60016348D /* UITableViewControllerChallengeSpace.h */,
				AB449A391A6D18E60016348D /* UITableViewControllerChallengeSpace.m */,
				AB449A1F1A6D15010016348D /* Images.xcassets */,
				AB449A211A6D15010016348D /* LaunchScreen.xib */,
				AB449A121A6D15010016348D /* Supporting Files */,
			);
			path = UITableViewControllerChallengeSolution;
			sourceTree = "<group>";
		};
		AB449A121A6D15010016348D /* Supporting Files */ = {
			isa = PBXGroup;
			children = (
				AB449A131A6D15010016348D /* Info.plist */,
				AB449A141A6D15010016348D /* main.m */,
			);
			name = "Supporting Files";
			sourceTree = "<group>";
		};
		AB449A2B1A6D15010016348D /* UITableViewControllerChallengeSolutionTests */ = {
			isa = PBXGroup;
			children = (
				AB449A2E1A6D15010016348D /* UITableViewControllerChallengeSolutionTests.m */,
				AB449A2C1A6D15010016348D /* Supporting Files */,
			);
			path = UITableViewControllerChallengeSolutionTests;
			sourceTree = "<group>";
		};
		AB449A2C1A6D15010016348D /* Supporting Files */ = {
			isa = PBXGroup;
			children = (
				AB449A2D1A6D15010016348D /* Info.plist */,
			);
			name = "Supporting Files";
			sourceTree = "<group>";
		};
/* End PBXGroup section */

/* Begin PBXNativeTarget section */
		AB449A0E1A6D15010016348D /* UITableViewControllerChallengeSolution */ = {
			isa = PBXNativeTarget;
			buildConfigurationList = AB449A321A6D15010016348D /* Build configuration list for PBXNativeTarget "UITableViewControllerChallengeSolution" */;
			buildPhases = (
				AB449A0B1A6D15010016348D /* Sources */,
				AB449A0C1A6D15010016348D /* Frameworks */,
				AB449A0D1A6D15010016348D /* Resources */,
			);
			buildRules = (
			);
			dependencies = (
			);
			name = UITableViewControllerChallengeSolution;
			productName = UITableViewControllerChallengeSolution;
			productReference = AB449A0F1A6D15010016348D /* UITableViewControllerChallengeSolution.app */;
			productType = "com.apple.product-type.application";
		};
		AB449A271A6D15010016348D /* UITableViewControllerChallengeSolutionTests */ = {
			isa = PBXNativeTarget;
			buildConfigurationList = AB449A351A6D15010016348D /* Build configuration list for PBXNativeTarget "UITableViewControllerChallengeSolutionTests" */;
			buildPhases = (
				AB449A241A6D15010016348D /* Sources */,
				AB449A251A6D15010016348D /* Frameworks */,
				AB449A261A6D15010016348D /* Resources */,
			);
			buildRules = (
			);
			dependencies = (
				AB449A2A1A6D15010016348D /* PBXTargetDependency */,
			);
			name = UITableViewControllerChallengeSolutionTests;
			productName = UITableViewControllerChallengeSolutionTests;
			productReference = AB449A281A6D15010016348D /* UITableViewControllerChallengeSolutionTests.xctest */;
			productType = "com.apple.product-type.bundle.unit-test";
		};
/* End PBXNativeTarget section */

/* Begin PBXProject section */
		AB449A071A6D15010016348D /* Project object */ = {
			isa = PBXProject;
			attributes = {
				LastUpgradeCheck = 0610;
				ORGANIZATIONNAME = Vj;
				TargetAttributes = {
					AB449A0E1A6D15010016348D = {
						CreatedOnToolsVersion = 6.1.1;
					};
					AB449A271A6D15010016348D = {
						CreatedOnToolsVersion = 6.1.1;
						TestTargetID = AB449A0E1A6D15010016348D;
					};
				};
			};
			buildConfigurationList = AB449A0A1A6D15010016348D /* Build configuration list for PBXProject "UITableViewControllerChallengeSolution" */;
			compatibilityVersion = "Xcode 3.2";
			developmentRegion = English;
			hasScannedForEncodings = 0;
			knownRegions = (
				en,
				Base,
			);
			mainGroup = AB449A061A6D15010016348D;
			productRefGroup = AB449A101A6D15010016348D /* Products */;
			projectDirPath = "";
			projectRoot = "";
			targets = (
				AB449A0E1A6D15010016348D /* UITableViewControllerChallengeSolution */,
				AB449A271A6D15010016348D /* UITableViewControllerChallengeSolutionTests */,
			);
		};
/* End PBXProject section */

/* Begin PBXResourcesBuildPhase section */
		AB449A0D1A6D15010016348D /* Resources */ = {
			isa = PBXResourcesBuildPhase;
			buildActionMask = 2147483647;
			files = (
				AB449A1E1A6D15010016348D /* Main.storyboard in Resources */,
				AB449A231A6D15010016348D /* LaunchScreen.xib in Resources */,
				AB449A201A6D15010016348D /* Images.xcassets in Resources */,
			);
			runOnlyForDeploymentPostprocessing = 0;
		};
		AB449A261A6D15010016348D /* Resources */ = {
			isa = PBXResourcesBuildPhase;
			buildActionMask = 2147483647;
			files = (
			);
			runOnlyForDeploymentPostprocessing = 0;
		};
/* End PBXResourcesBuildPhase section */

/* Begin PBXSourcesBuildPhase section */
		AB449A0B1A6D15010016348D /* Sources */ = {
			isa = PBXSourcesBuildPhase;
			buildActionMask = 2147483647;
			files = (
				AB449A181A6D15010016348D /* AppDelegate.m in Sources */,
				AB449A151A6D15010016348D /* main.m in Sources */,
				AB449A3A1A6D18E60016348D /* UITableViewControllerChallengeSpace.m in Sources */,
			);
			runOnlyForDeploymentPostprocessing = 0;
		};
		AB449A241A6D15010016348D /* Sources */ = {
			isa = PBXSourcesBuildPhase;
			buildActionMask = 2147483647;
			files = (
				AB449A2F1A6D15010016348D /* UITableViewControllerChallengeSolutionTests.m in Sources */,
			);
			runOnlyForDeploymentPostprocessing = 0;
		};
/* End PBXSourcesBuildPhase section */

/* Begin PBXTargetDependency section */
		AB449A2A1A6D15010016348D /* PBXTargetDependency */ = {
			isa = PBXTargetDependency;
			target = AB449A0E1A6D15010016348D /* UITableViewControllerChallengeSolution */;
			targetProxy = AB449A291A6D15010016348D /* PBXContainerItemProxy */;
		};
/* End PBXTargetDependency section */

/* Begin PBXVariantGroup section */
		AB449A1C1A6D15010016348D /* Main.storyboard */ = {
			isa = PBXVariantGroup;
			children = (
				AB449A1D1A6D15010016348D /* Base */,
			);
			name = Main.storyboard;
			sourceTree = "<group>";
		};
		AB449A211A6D15010016348D /* LaunchScreen.xib */ = {
			isa = PBXVariantGroup;
			children = (
				AB449A221A6D15010016348D /* Base */,
			);
			name = LaunchScreen.xib;
			sourceTree = "<group>";
		};
/* End PBXVariantGroup section */

/* Begin XCBuildConfiguration section */
		AB449A301A6D15010016348D /* Debug */ = {
			isa = XCBuildConfiguration;
			buildSettings = {
				ALWAYS_SEARCH_USER_PATHS = NO;
				CLANG_CXX_LANGUAGE_STANDARD = "gnu++0x";
				CLANG_CXX_LIBRARY = "libc++";
				CLANG_ENABLE_MODULES = YES;
				CLANG_ENABLE_OBJC_ARC = YES;
				CLANG_WARN_BOOL_CONVERSION = YES;
				CLANG_WARN_CONSTANT_CONVERSION = YES;
				CLANG_WARN_DIRECT_OBJC_ISA_USAGE = YES_ERROR;
				CLANG_WARN_EMPTY_BODY = YES;
				CLANG_WARN_ENUM_CONVERSION = YES;
				CLANG_WARN_INT_CONVERSION = YES;
				CLANG_WARN_OBJC_ROOT_CLASS = YES_ERROR;
				CLANG_WARN_UNREACHABLE_CODE = YES;
				CLANG_WARN__DUPLICATE_METHOD_MATCH = YES;
				"CODE_SIGN_IDENTITY[sdk=iphoneos*]" = "iPhone Developer";
				COPY_PHASE_STRIP = NO;
				ENABLE_STRICT_OBJC_MSGSEND = YES;
				GCC_C_LANGUAGE_STANDARD = gnu99;
				GCC_DYNAMIC_NO_PIC = NO;
				GCC_OPTIMIZATION_LEVEL = 0;
				GCC_PREPROCESSOR_DEFINITIONS = (
					"DEBUG=1",
					"$(inherited)",
				);
				GCC_SYMBOLS_PRIVATE_EXTERN = NO;
				GCC_WARN_64_TO_32_BIT_CONVERSION = YES;
				GCC_WARN_ABOUT_RETURN_TYPE = YES_ERROR;
				GCC_WARN_UNDECLARED_SELECTOR = YES;
				GCC_WARN_UNINITIALIZED_AUTOS = YES_AGGRESSIVE;
				GCC_WARN_UNUSED_FUNCTION = YES;
				GCC_WARN_UNUSED_VARIABLE = YES;
				IPHONEOS_DEPLOYMENT_TARGET = 8.1;
				MTL_ENABLE_DEBUG_INFO = YES;
				ONLY_ACTIVE_ARCH = YES;
				SDKROOT = iphoneos;
			};
			name = Debug;
		};
		AB449A311A6D15010016348D /* Release */ = {
			isa = XCBuildConfiguration;
			buildSettings = {
				ALWAYS_SEARCH_USER_PATHS = NO;
				CLANG_CXX_LANGUAGE_STANDARD = "gnu++0x";
				CLANG_CXX_LIBRARY = "libc++";
				CLANG_ENABLE_MODULES = YES;
				CLANG_ENABLE_OBJC_ARC = YES;
				CLANG_WARN_BOOL_CONVERSION = YES;
				CLANG_WARN_CONSTANT_CONVERSION = YES;
				CLANG_WARN_DIRECT_OBJC_ISA_USAGE = YES_ERROR;
				CLANG_WARN_EMPTY_BODY = YES;
				CLANG_WARN_ENUM_CONVERSION = YES;
				CLANG_WARN_INT_CONVERSION = YES;
				CLANG_WARN_OBJC_ROOT_CLASS = YES_ERROR;
				CLANG_WARN_UNREACHABLE_CODE = YES;
				CLANG_WARN__DUPLICATE_METHOD_MATCH = YES;
				"CODE_SIGN_IDENTITY[sdk=iphoneos*]" = "iPhone Developer";
				COPY_PHASE_STRIP = YES;
				ENABLE_NS_ASSERTIONS = NO;
				ENABLE_STRICT_OBJC_MSGSEND = YES;
				GCC_C_LANGUAGE_STANDARD = gnu99;
				GCC_WARN_64_TO_32_BIT_CONVERSION = YES;
				GCC_WARN_ABOUT_RETURN_TYPE = YES_ERROR;
				GCC_WARN_UNDECLARED_SELECTOR = YES;
				GCC_WARN_UNINITIALIZED_AUTOS = YES_AGGRESSIVE;
				GCC_WARN_UNUSED_FUNCTION = YES;
				GCC_WARN_UNUSED_VARIABLE = YES;
				IPHONEOS_DEPLOYMENT_TARGET = 8.1;
				MTL_ENABLE_DEBUG_INFO = NO;
				SDKROOT = iphoneos;
				VALIDATE_PRODUCT = YES;
			};
			name = Release;
		};
		AB449A331A6D15010016348D /* Debug */ = {
			isa = XCBuildConfiguration;
			buildSettings = {
				ASSETCATALOG_COMPILER_APPICON_NAME = AppIcon;
				INFOPLIST_FILE = UITableViewControllerChallengeSolution/Info.plist;
				LD_RUNPATH_SEARCH_PATHS = "$(inherited) @executable_path/Frameworks";
				PRODUCT_NAME = "$(TARGET_NAME)";
			};
			name = Debug;
		};
		AB449A341A6D15010016348D /* Release */ = {
			isa = XCBuildConfiguration;
			buildSettings = {
				ASSETCATALOG_COMPILER_APPICON_NAME = AppIcon;
				INFOPLIST_FILE = UITableViewControllerChallengeSolution/Info.plist;
				LD_RUNPATH_SEARCH_PATHS = "$(inherited) @executable_path/Frameworks";
				PRODUCT_NAME = "$(TARGET_NAME)";
			};
			name = Release;
		};
		AB449A361A6D15010016348D /* Debug */ = {
			isa = XCBuildConfiguration;
			buildSettings = {
				BUNDLE_LOADER = "$(TEST_HOST)";
				FRAMEWORK_SEARCH_PATHS = (
					"$(SDKROOT)/Developer/Library/Frameworks",
					"$(inherited)",
				);
				GCC_PREPROCESSOR_DEFINITIONS = (
					"DEBUG=1",
					"$(inherited)",
				);
				INFOPLIST_FILE = UITableViewControllerChallengeSolutionTests/Info.plist;
				LD_RUNPATH_SEARCH_PATHS = "$(inherited) @executable_path/Frameworks @loader_path/Frameworks";
				PRODUCT_NAME = "$(TARGET_NAME)";
				TEST_HOST = "$(BUILT_PRODUCTS_DIR)/UITableViewControllerChallengeSolution.app/UITableViewControllerChallengeSolution";
			};
			name = Debug;
		};
		AB449A371A6D15010016348D /* Release */ = {
			isa = XCBuildConfiguration;
			buildSettings = {
				BUNDLE_LOADER = "$(TEST_HOST)";
				FRAMEWORK_SEARCH_PATHS = (
					"$(SDKROOT)/Developer/Library/Frameworks",
					"$(inherited)",
				);
				INFOPLIST_FILE = UITableViewControllerChallengeSolutionTests/Info.plist;
				LD_RUNPATH_SEARCH_PATHS = "$(inherited) @executable_path/Frameworks @loader_path/Frameworks";
				PRODUCT_NAME = "$(TARGET_NAME)";
				TEST_HOST = "$(BUILT_PRODUCTS_DIR)/UITableViewControllerChallengeSolution.app/UITableViewControllerChallengeSolution";
			};
			name = Release;
		};
/* End XCBuildConfiguration section */

/* Begin XCConfigurationList section */
		AB449A0A1A6D15010016348D /* Build configuration list for PBXProject "UITableViewControllerChallengeSolution" */ = {
			isa = XCConfigurationList;
			buildConfigurations = (
				AB449A301A6D15010016348D /* Debug */,
				AB449A311A6D15010016348D /* Release */,
			);
			defaultConfigurationIsVisible = 0;
			defaultConfigurationName = Release;
		};
		AB449A321A6D15010016348D /* Build configuration list for PBXNativeTarget "UITableViewControllerChallengeSolution" */ = {
			isa = XCConfigurationList;
			buildConfigurations = (
				AB449A331A6D15010016348D /* Debug */,
				AB449A341A6D15010016348D /* Release */,
			);
			defaultConfigurationIsVisible = 0;
		};
		AB449A351A6D15010016348D /* Build configuration list for PBXNativeTarget "UITableViewControllerChallengeSolutionTests" */ = {
			isa = XCConfigurationList;
			buildConfigurations = (
				AB449A361A6D15010016348D /* Debug */,
				AB449A371A6D15010016348D /* Release */,
			);
			defaultConfigurationIsVisible = 0;
		};
/* End XCConfigurationList section */
	};
	rootObject = AB449A071A6D15010016348D /* Project object */;
}
